
Microsoft Visual Studio Solution File, Format Version 12.00
# Visual Studio Version 17
VisualStudioVersion = 17.11.35222.181
MinimumVisualStudioVersion = 10.0.40219.1
Project("{FAE04EC0-301F-11D3-BF4B-00C04F79EFBC}") = "ImageProcessing", "ImageProcessing\ImageProcessing.csproj", "{B13E3E2D-23E9-4242-BD9A-D528E7FE2D2E}"
EndProject
Global
	GlobalSection(SolutionConfigurationPlatforms) = preSolution
		Debug|Any CPU = Debug|Any CPU
		Release|Any CPU = Release|Any CPU
	EndGlobalSection
	GlobalSection(ProjectConfigurationPlatforms) = postSolution
		{B13E3E2D-23E9-4242-BD9A-D528E7FE2D2E}.Debug|Any CPU.ActiveCfg = Debug|Any CPU
		{B13E3E2D-23E9-4242-BD9A-D528E7FE2D2E}.Debug|Any CPU.Build.0 = Debug|Any CPU
		{B13E3E2D-23E9-4242-BD9A-D528E7FE2D2E}.Release|Any CPU.ActiveCfg = Release|Any CPU
		{B13E3E2D-23E9-4242-BD9A-D528E7FE2D2E}.Release|Any CPU.Build.0 = Release|Any CPU
	EndGlobalSection
	GlobalSection(SolutionProperties) = preSolution
		HideSolutionNode = FALSE
	EndGlobalSection
	GlobalSection(ExtensibilityGlobals) = postSolution
		SolutionGuid = {8B6A9A55-A2E6-421D-B587-6AD854B5689A}
	EndGlobalSection
EndGlobal
